
Microsoft Visual Studio Solution File, Format Version 12.00
# Visual Studio 15
VisualStudioVersion = 15.0.28010.2041
MinimumVisualStudioVersion = 10.0.40219.1
Project("{FAE04EC0-301F-11D3-BF4B-00C04F79EFBC}") = "assignment02", "assignment02\assignment02.csproj", "{02B20FF5-5352-4489-B1B0-2FA261C228F9}"
EndProject
Global
	GlobalSection(SolutionConfigurationPlatforms) = preSolution
		Debug|Any CPU = Debug|Any CPU
		Release|Any CPU = Release|Any CPU
	EndGlobalSection
	GlobalSection(ProjectConfigurationPlatforms) = postSolution
		{02B20FF5-5352-4489-B1B0-2FA261C228F9}.Debug|Any CPU.ActiveCfg = Debug|Any CPU
		{02B20FF5-5352-4489-B1B0-2FA261C228F9}.Debug|Any CPU.Build.0 = Debug|Any CPU
		{02B20FF5-5352-4489-B1B0-2FA261C228F9}.Release|Any CPU.ActiveCfg = Release|Any CPU
		{02B20FF5-5352-4489-B1B0-2FA261C228F9}.Release|Any CPU.Build.0 = Release|Any CPU
	EndGlobalSection
	GlobalSection(SolutionProperties) = preSolution
		HideSolutionNode = FALSE
	EndGlobalSection
	GlobalSection(ExtensibilityGlobals) = postSolution
		SolutionGuid = {94000C36-9A9C-4ED0-BAE7-92B80A394F41}
	EndGlobalSection
EndGlobal
